// !$*UTF8*$!
{
	archiveVersion = 1;
	classes = {
	};
	objectVersion = 50;
	objects = {

/* Begin PBXBuildFile section */
		0DB6CE172392D5F400C6A150 /* MainCollectionViewCell.swift in Sources */ = {isa = PBXBuildFile; fileRef = 0DB6CE152392D5F400C6A150 /* MainCollectionViewCell.swift */; };
		0DB6CE182392D5F400C6A150 /* MainCollectionViewCell.xib in Resources */ = {isa = PBXBuildFile; fileRef = 0DB6CE162392D5F400C6A150 /* MainCollectionViewCell.xib */; };
		0DE13C0B238CE341000D7E83 /* AppDelegate.swift in Sources */ = {isa = PBXBuildFile; fileRef = 0DE13C0A238CE341000D7E83 /* AppDelegate.swift */; };
		0DE13C0D238CE341000D7E83 /* SceneDelegate.swift in Sources */ = {isa = PBXBuildFile; fileRef = 0DE13C0C238CE341000D7E83 /* SceneDelegate.swift */; };
		0DE13C12238CE341000D7E83 /* Main.storyboard in Resources */ = {isa = PBXBuildFile; fileRef = 0DE13C10238CE341000D7E83 /* Main.storyboard */; };
		0DE13C14238CE344000D7E83 /* Assets.xcassets in Resources */ = {isa = PBXBuildFile; fileRef = 0DE13C13238CE344000D7E83 /* Assets.xcassets */; };
		0DE13C17238CE344000D7E83 /* LaunchScreen.storyboard in Resources */ = {isa = PBXBuildFile; fileRef = 0DE13C15238CE344000D7E83 /* LaunchScreen.storyboard */; };
		0DE13C2C238CE869000D7E83 /* TopBarMenuView.swift in Sources */ = {isa = PBXBuildFile; fileRef = 0DE13C1F238CE868000D7E83 /* TopBarMenuView.swift */; };
		0DE13C2D238CE869000D7E83 /* TopBarMeunCollectionCell.swift in Sources */ = {isa = PBXBuildFile; fileRef = 0DE13C20238CE868000D7E83 /* TopBarMeunCollectionCell.swift */; };
		0DE13C30238CE869000D7E83 /* MainViewController.swift in Sources */ = {isa = PBXBuildFile; fileRef = 0DE13C24238CE868000D7E83 /* MainViewController.swift */; };
		0DE13C31238CE869000D7E83 /* Extension.swift in Sources */ = {isa = PBXBuildFile; fileRef = 0DE13C26238CE868000D7E83 /* Extension.swift */; };
		0DE13C32238CE869000D7E83 /* GlobalClass.swift in Sources */ = {isa = PBXBuildFile; fileRef = 0DE13C27238CE868000D7E83 /* GlobalClass.swift */; };
		0DE13C33238CE869000D7E83 /* TestViewModel.swift in Sources */ = {isa = PBXBuildFile; fileRef = 0DE13C29238CE869000D7E83 /* TestViewModel.swift */; };
/* End PBXBuildFile section */

/* Begin PBXFileReference section */
		0DB6CE152392D5F400C6A150 /* MainCollectionViewCell.swift */ = {isa = PBXFileReference; lastKnownFileType = sourcecode.swift; path = MainCollectionViewCell.swift; sourceTree = "<group>"; };
		0DB6CE162392D5F400C6A150 /* MainCollectionViewCell.xib */ = {isa = PBXFileReference; lastKnownFileType = file.xib; path = MainCollectionViewCell.xib; sourceTree = "<group>"; };
		0DE13C07238CE341000D7E83 /* TopBarCustom.app */ = {isa = PBXFileReference; explicitFileType = wrapper.application; includeInIndex = 0; path = TopBarCustom.app; sourceTree = BUILT_PRODUCTS_DIR; };
		0DE13C0A238CE341000D7E83 /* AppDelegate.swift */ = {isa = PBXFileReference; lastKnownFileType = sourcecode.swift; path = AppDelegate.swift; sourceTree = "<group>"; };
		0DE13C0C238CE341000D7E83 /* SceneDelegate.swift */ = {isa = PBXFileReference; lastKnownFileType = sourcecode.swift; path = SceneDelegate.swift; sourceTree = "<group>"; };
		0DE13C11238CE341000D7E83 /* Base */ = {isa = PBXFileReference; lastKnownFileType = file.storyboard; name = Base; path = Base.lproj/Main.storyboard; sourceTree = "<group>"; };
		0DE13C13238CE344000D7E83 /* Assets.xcassets */ = {isa = PBXFileReference; lastKnownFileType = folder.assetcatalog; path = Assets.xcassets; sourceTree = "<group>"; };
		0DE13C16238CE344000D7E83 /* Base */ = {isa = PBXFileReference; lastKnownFileType = file.storyboard; name = Base; path = Base.lproj/LaunchScreen.storyboard; sourceTree = "<group>"; };
		0DE13C18238CE344000D7E83 /* Info.plist */ = {isa = PBXFileReference; lastKnownFileType = text.plist.xml; path = Info.plist; sourceTree = "<group>"; };
		0DE13C1F238CE868000D7E83 /* TopBarMenuView.swift */ = {isa = PBXFileReference; fileEncoding = 4; lastKnownFileType = sourcecode.swift; path = TopBarMenuView.swift; sourceTree = "<group>"; };
		0DE13C20238CE868000D7E83 /* TopBarMeunCollectionCell.swift */ = {isa = PBXFileReference; fileEncoding = 4; lastKnownFileType = sourcecode.swift; path = TopBarMeunCollectionCell.swift; sourceTree = "<group>"; };
		0DE13C24238CE868000D7E83 /* MainViewController.swift */ = {isa = PBXFileReference; fileEncoding = 4; lastKnownFileType = sourcecode.swift; path = MainViewController.swift; sourceTree = "<group>"; };
		0DE13C26238CE868000D7E83 /* Extension.swift */ = {isa = PBXFileReference; fileEncoding = 4; lastKnownFileType = sourcecode.swift; path = Extension.swift; sourceTree = "<group>"; };
		0DE13C27238CE868000D7E83 /* GlobalClass.swift */ = {isa = PBXFileReference; fileEncoding = 4; lastKnownFileType = sourcecode.swift; path = GlobalClass.swift; sourceTree = "<group>"; };
		0DE13C29238CE869000D7E83 /* TestViewModel.swift */ = {isa = PBXFileReference; fileEncoding = 4; lastKnownFileType = sourcecode.swift; path = TestViewModel.swift; sourceTree = "<group>"; };
/* End PBXFileReference section */

/* Begin PBXFrameworksBuildPhase section */
		0DE13C04238CE341000D7E83 /* Frameworks */ = {
			isa = PBXFrameworksBuildPhase;
			buildActionMask = 2147483647;
			files = (
			);
			runOnlyForDeploymentPostprocessing = 0;
		};
/* End PBXFrameworksBuildPhase section */

/* Begin PBXGroup section */
		0DB6CE132392D59B00C6A150 /* CollectionView Cells */ = {
			isa = PBXGroup;
			children = (
				0DB6CE192392D86E00C6A150 /* Top Cell */,
				0DB6CE142392D5A900C6A150 /* Bottom Cell */,
			);
			path = "CollectionView Cells";
			sourceTree = "<group>";
		};
		0DB6CE142392D5A900C6A150 /* Bottom Cell */ = {
			isa = PBXGroup;
			children = (
				0DB6CE152392D5F400C6A150 /* MainCollectionViewCell.swift */,
				0DB6CE162392D5F400C6A150 /* MainCollectionViewCell.xib */,
			);
			path = "Bottom Cell";
			sourceTree = "<group>";
		};
		0DB6CE192392D86E00C6A150 /* Top Cell */ = {
			isa = PBXGroup;
			children = (
			);
			path = "Top Cell";
			sourceTree = "<group>";
		};
		0DE13BFE238CE341000D7E83 = {
			isa = PBXGroup;
			children = (
				0DE13C09238CE341000D7E83 /* TopBarCustom */,
				0DE13C08238CE341000D7E83 /* Products */,
			);
			sourceTree = "<group>";
		};
		0DE13C08238CE341000D7E83 /* Products */ = {
			isa = PBXGroup;
			children = (
				0DE13C07238CE341000D7E83 /* TopBarCustom.app */,
			);
			name = Products;
			sourceTree = "<group>";
		};
		0DE13C09238CE341000D7E83 /* TopBarCustom */ = {
			isa = PBXGroup;
			children = (
				0DB6CE132392D59B00C6A150 /* CollectionView Cells */,
				0DE13C0A238CE341000D7E83 /* AppDelegate.swift */,
				0DE13C0C238CE341000D7E83 /* SceneDelegate.swift */,
				0DE13C24238CE868000D7E83 /* MainViewController.swift */,
				0DE13C25238CE868000D7E83 /* Helper */,
				0DE13C1E238CE868000D7E83 /* TopBarMenu */,
				0DE13C28238CE869000D7E83 /* ViewModel */,
				0DE13C10238CE341000D7E83 /* Main.storyboard */,
				0DE13C13238CE344000D7E83 /* Assets.xcassets */,
				0DE13C15238CE344000D7E83 /* LaunchScreen.storyboard */,
				0DE13C18238CE344000D7E83 /* Info.plist */,
			);
			path = TopBarCustom;
			sourceTree = "<group>";
		};
		0DE13C1E238CE868000D7E83 /* TopBarMenu */ = {
			isa = PBXGroup;
			children = (
				0DE13C1F238CE868000D7E83 /* TopBarMenuView.swift */,
				0DE13C20238CE868000D7E83 /* TopBarMeunCollectionCell.swift */,
			);
			path = TopBarMenu;
			sourceTree = "<group>";
		};
		0DE13C25238CE868000D7E83 /* Helper */ = {
			isa = PBXGroup;
			children = (
				0DE13C26238CE868000D7E83 /* Extension.swift */,
				0DE13C27238CE868000D7E83 /* GlobalClass.swift */,
			);
			path = Helper;
			sourceTree = "<group>";
		};
		0DE13C28238CE869000D7E83 /* ViewModel */ = {
			isa = PBXGroup;
			children = (
				0DE13C29238CE869000D7E83 /* TestViewModel.swift */,
			);
			path = ViewModel;
			sourceTree = "<group>";
		};
/* End PBXGroup section */

/* Begin PBXNativeTarget section */
		0DE13C06238CE341000D7E83 /* TopBarCustom */ = {
			isa = PBXNativeTarget;
			buildConfigurationList = 0DE13C1B238CE344000D7E83 /* Build configuration list for PBXNativeTarget "TopBarCustom" */;
			buildPhases = (
				0DE13C03238CE341000D7E83 /* Sources */,
				0DE13C04238CE341000D7E83 /* Frameworks */,
				0DE13C05238CE341000D7E83 /* Resources */,
			);
			buildRules = (
			);
			dependencies = (
			);
			name = TopBarCustom;
			productName = TopBarCustom;
			productReference = 0DE13C07238CE341000D7E83 /* TopBarCustom.app */;
			productType = "com.apple.product-type.application";
		};
/* End PBXNativeTarget section */

/* Begin PBXProject section */
		0DE13BFF238CE341000D7E83 /* Project object */ = {
			isa = PBXProject;
			attributes = {
				LastSwiftUpdateCheck = 1100;
				LastUpgradeCheck = 1100;
				ORGANIZATIONNAME = Sample;
				TargetAttributes = {
					0DE13C06238CE341000D7E83 = {
						CreatedOnToolsVersion = 11.0;
					};
				};
			};
			buildConfigurationList = 0DE13C02238CE341000D7E83 /* Build configuration list for PBXProject "TopBarCustom" */;
			compatibilityVersion = "Xcode 9.3";
			developmentRegion = en;
			hasScannedForEncodings = 0;
			knownRegions = (
				en,
				Base,
			);
			mainGroup = 0DE13BFE238CE341000D7E83;
			productRefGroup = 0DE13C08238CE341000D7E83 /* Products */;
			projectDirPath = "";
			projectRoot = "";
			targets = (
				0DE13C06238CE341000D7E83 /* TopBarCustom */,
			);
		};
/* End PBXProject section */

/* Begin PBXResourcesBuildPhase section */
		0DE13C05238CE341000D7E83 /* Resources */ = {
			isa = PBXResourcesBuildPhase;
			buildActionMask = 2147483647;
			files = (
				0DE13C17238CE344000D7E83 /* LaunchScreen.storyboard in Resources */,
				0DE13C14238CE344000D7E83 /* Assets.xcassets in Resources */,
				0DE13C12238CE341000D7E83 /* Main.storyboard in Resources */,
				0DB6CE182392D5F400C6A150 /* MainCollectionViewCell.xib in Resources */,
			);
			runOnlyForDeploymentPostprocessing = 0;
		};
/* End PBXResourcesBuildPhase section */

/* Begin PBXSourcesBuildPhase section */
		0DE13C03238CE341000D7E83 /* Sources */ = {
			isa = PBXSourcesBuildPhase;
			buildActionMask = 2147483647;
			files = (
				0DE13C31238CE869000D7E83 /* Extension.swift in Sources */,
				0DE13C33238CE869000D7E83 /* TestViewModel.swift in Sources */,
				0DE13C0B238CE341000D7E83 /* AppDelegate.swift in Sources */,
				0DE13C0D238CE341000D7E83 /* SceneDelegate.swift in Sources */,
				0DE13C32238CE869000D7E83 /* GlobalClass.swift in Sources */,
				0DE13C2C238CE869000D7E83 /* TopBarMenuView.swift in Sources */,
				0DB6CE172392D5F400C6A150 /* MainCollectionViewCell.swift in Sources */,
				0DE13C2D238CE869000D7E83 /* TopBarMeunCollectionCell.swift in Sources */,
				0DE13C30238CE869000D7E83 /* MainViewController.swift in Sources */,
			);
			runOnlyForDeploymentPostprocessing = 0;
		};
/* End PBXSourcesBuildPhase section */

/* Begin PBXVariantGroup section */
		0DE13C10238CE341000D7E83 /* Main.storyboard */ = {
			isa = PBXVariantGroup;
			children = (
				0DE13C11238CE341000D7E83 /* Base */,
			);
			name = Main.storyboard;
			sourceTree = "<group>";
		};
		0DE13C15238CE344000D7E83 /* LaunchScreen.storyboard */ = {
			isa = PBXVariantGroup;
			children = (
				0DE13C16238CE344000D7E83 /* Base */,
			);
			name = LaunchScreen.storyboard;
			sourceTree = "<group>";
		};
/* End PBXVariantGroup section */

/* Begin XCBuildConfiguration section */
		0DE13C19238CE344000D7E83 /* Debug */ = {
			isa = XCBuildConfiguration;
			buildSettings = {
				ALWAYS_SEARCH_USER_PATHS = NO;
				CLANG_ANALYZER_NONNULL = YES;
				CLANG_ANALYZER_NUMBER_OBJECT_CONVERSION = YES_AGGRESSIVE;
				CLANG_CXX_LANGUAGE_STANDARD = "gnu++14";
				CLANG_CXX_LIBRARY = "libc++";
				CLANG_ENABLE_MODULES = YES;
				CLANG_ENABLE_OBJC_ARC = YES;
				CLANG_ENABLE_OBJC_WEAK = YES;
				CLANG_WARN_BLOCK_CAPTURE_AUTORELEASING = YES;
				CLANG_WARN_BOOL_CONVERSION = YES;
				CLANG_WARN_COMMA = YES;
				CLANG_WARN_CONSTANT_CONVERSION = YES;
				CLANG_WARN_DEPRECATED_OBJC_IMPLEMENTATIONS = YES;
				CLANG_WARN_DIRECT_OBJC_ISA_USAGE = YES_ERROR;
				CLANG_WARN_DOCUMENTATION_COMMENTS = YES;
				CLANG_WARN_EMPTY_BODY = YES;
				CLANG_WARN_ENUM_CONVERSION = YES;
				CLANG_WARN_INFINITE_RECURSION = YES;
				CLANG_WARN_INT_CONVERSION = YES;
				CLANG_WARN_NON_LITERAL_NULL_CONVERSION = YES;
				CLANG_WARN_OBJC_IMPLICIT_RETAIN_SELF = YES;
				CLANG_WARN_OBJC_LITERAL_CONVERSION = YES;
				CLANG_WARN_OBJC_ROOT_CLASS = YES_ERROR;
				CLANG_WARN_RANGE_LOOP_ANALYSIS = YES;
				CLANG_WARN_STRICT_PROTOTYPES = YES;
				CLANG_WARN_SUSPICIOUS_MOVE = YES;
				CLANG_WARN_UNGUARDED_AVAILABILITY = YES_AGGRESSIVE;
				CLANG_WARN_UNREACHABLE_CODE = YES;
				CLANG_WARN__DUPLICATE_METHOD_MATCH = YES;
				COPY_PHASE_STRIP = NO;
				DEBUG_INFORMATION_FORMAT = dwarf;
				ENABLE_STRICT_OBJC_MSGSEND = YES;
				ENABLE_TESTABILITY = YES;
				GCC_C_LANGUAGE_STANDARD = gnu11;
				GCC_DYNAMIC_NO_PIC = NO;
				GCC_NO_COMMON_BLOCKS = YES;
				GCC_OPTIMIZATION_LEVEL = 0;
				GCC_PREPROCESSOR_DEFINITIONS = (
					"DEBUG=1",
					"$(inherited)",
				);
				GCC_WARN_64_TO_32_BIT_CONVERSION = YES;
				GCC_WARN_ABOUT_RETURN_TYPE = YES_ERROR;
				GCC_WARN_UNDECLARED_SELECTOR = YES;
				GCC_WARN_UNINITIALIZED_AUTOS = YES_AGGRESSIVE;
				GCC_WARN_UNUSED_FUNCTION = YES;
				GCC_WARN_UNUSED_VARIABLE = YES;
				IPHONEOS_DEPLOYMENT_TARGET = 13.0;
				MTL_ENABLE_DEBUG_INFO = INCLUDE_SOURCE;
				MTL_FAST_MATH = YES;
				ONLY_ACTIVE_ARCH = YES;
				SDKROOT = iphoneos;
				SWIFT_ACTIVE_COMPILATION_CONDITIONS = DEBUG;
				SWIFT_OPTIMIZATION_LEVEL = "-Onone";
			};
			name = Debug;
		};
		0DE13C1A238CE344000D7E83 /* Release */ = {
			isa = XCBuildConfiguration;
			buildSettings = {
				ALWAYS_SEARCH_USER_PATHS = NO;
				CLANG_ANALYZER_NONNULL = YES;
				CLANG_ANALYZER_NUMBER_OBJECT_CONVERSION = YES_AGGRESSIVE;
				CLANG_CXX_LANGUAGE_STANDARD = "gnu++14";
				CLANG_CXX_LIBRARY = "libc++";
				CLANG_ENABLE_MODULES = YES;
				CLANG_ENABLE_OBJC_ARC = YES;
				CLANG_ENABLE_OBJC_WEAK = YES;
				CLANG_WARN_BLOCK_CAPTURE_AUTORELEASING = YES;
				CLANG_WARN_BOOL_CONVERSION = YES;
				CLANG_WARN_COMMA = YES;
				CLANG_WARN_CONSTANT_CONVERSION = YES;
				CLANG_WARN_DEPRECATED_OBJC_IMPLEMENTATIONS = YES;
				CLANG_WARN_DIRECT_OBJC_ISA_USAGE = YES_ERROR;
				CLANG_WARN_DOCUMENTATION_COMMENTS = YES;
				CLANG_WARN_EMPTY_BODY = YES;
				CLANG_WARN_ENUM_CONVERSION = YES;
				CLANG_WARN_INFINITE_RECURSION = YES;
				CLANG_WARN_INT_CONVERSION = YES;
				CLANG_WARN_NON_LITERAL_NULL_CONVERSION = YES;
				CLANG_WARN_OBJC_IMPLICIT_RETAIN_SELF = YES;
				CLANG_WARN_OBJC_LITERAL_CONVERSION = YES;
				CLANG_WARN_OBJC_ROOT_CLASS = YES_ERROR;
				CLANG_WARN_RANGE_LOOP_ANALYSIS = YES;
				CLANG_WARN_STRICT_PROTOTYPES = YES;
				CLANG_WARN_SUSPICIOUS_MOVE = YES;
				CLANG_WARN_UNGUARDED_AVAILABILITY = YES_AGGRESSIVE;
				CLANG_WARN_UNREACHABLE_CODE = YES;
				CLANG_WARN__DUPLICATE_METHOD_MATCH = YES;
				COPY_PHASE_STRIP = NO;
				DEBUG_INFORMATION_FORMAT = "dwarf-with-dsym";
				ENABLE_NS_ASSERTIONS = NO;
				ENABLE_STRICT_OBJC_MSGSEND = YES;
				GCC_C_LANGUAGE_STANDARD = gnu11;
				GCC_NO_COMMON_BLOCKS = YES;
				GCC_WARN_64_TO_32_BIT_CONVERSION = YES;
				GCC_WARN_ABOUT_RETURN_TYPE = YES_ERROR;
				GCC_WARN_UNDECLARED_SELECTOR = YES;
				GCC_WARN_UNINITIALIZED_AUTOS = YES_AGGRESSIVE;
				GCC_WARN_UNUSED_FUNCTION = YES;
				GCC_WARN_UNUSED_VARIABLE = YES;
				IPHONEOS_DEPLOYMENT_TARGET = 13.0;
				MTL_ENABLE_DEBUG_INFO = NO;
				MTL_FAST_MATH = YES;
				SDKROOT = iphoneos;
				SWIFT_COMPILATION_MODE = wholemodule;
				SWIFT_OPTIMIZATION_LEVEL = "-O";
				VALIDATE_PRODUCT = YES;
			};
			name = Release;
		};
		0DE13C1C238CE344000D7E83 /* Debug */ = {
			isa = XCBuildConfiguration;
			buildSettings = {
				ASSETCATALOG_COMPILER_APPICON_NAME = AppIcon;
				CODE_SIGN_STYLE = Automatic;
				DEVELOPMENT_TEAM = 68Z43GCQJY;
				INFOPLIST_FILE = TopBarCustom/Info.plist;
				LD_RUNPATH_SEARCH_PATHS = (
					"$(inherited)",
					"@executable_path/Frameworks",
				);
				PRODUCT_BUNDLE_IDENTIFIER = com.sample.TopBarCustom;
				PRODUCT_NAME = "$(TARGET_NAME)";
				SWIFT_VERSION = 5.0;
				TARGETED_DEVICE_FAMILY = "1,2";
			};
			name = Debug;
		};
		0DE13C1D238CE344000D7E83 /* Release */ = {
			isa = XCBuildConfiguration;
			buildSettings = {
				ASSETCATALOG_COMPILER_APPICON_NAME = AppIcon;
				CODE_SIGN_STYLE = Automatic;
				DEVELOPMENT_TEAM = 68Z43GCQJY;
				INFOPLIST_FILE = TopBarCustom/Info.plist;
				LD_RUNPATH_SEARCH_PATHS = (
					"$(inherited)",
					"@executable_path/Frameworks",
				);
				PRODUCT_BUNDLE_IDENTIFIER = com.sample.TopBarCustom;
				PRODUCT_NAME = "$(TARGET_NAME)";
				SWIFT_VERSION = 5.0;
				TARGETED_DEVICE_FAMILY = "1,2";
			};
			name = Release;
		};
/* End XCBuildConfiguration section */

/* Begin XCConfigurationList section */
		0DE13C02238CE341000D7E83 /* Build configuration list for PBXProject "TopBarCustom" */ = {
			isa = XCConfigurationList;
			buildConfigurations = (
				0DE13C19238CE344000D7E83 /* Debug */,
				0DE13C1A238CE344000D7E83 /* Release */,
			);
			defaultConfigurationIsVisible = 0;
			defaultConfigurationName = Release;
		};
		0DE13C1B238CE344000D7E83 /* Build configuration list for PBXNativeTarget "TopBarCustom" */ = {
			isa = XCConfigurationList;
			buildConfigurations = (
				0DE13C1C238CE344000D7E83 /* Debug */,
				0DE13C1D238CE344000D7E83 /* Release */,
			);
			defaultConfigurationIsVisible = 0;
			defaultConfigurationName = Release;
		};
/* End XCConfigurationList section */
	};
	rootObject = 0DE13BFF238CE341000D7E83 /* Project object */;
}
